
Microsoft Visual Studio Solution File, Format Version 12.00
# Visual Studio Version 17
VisualStudioVersion = 17.13.35931.197
MinimumVisualStudioVersion = 10.0.40219.1
Project("{8BC9CEB8-8B4A-11D0-8D11-00A0C91BC942}") = "7-1-1", "..\7-1\7-1.vcxproj", "{C429CDBC-FC93-460C-9C04-0BAFB2728246}"
EndProject
Project("{8BC9CEB8-8B4A-11D0-8D11-00A0C91BC942}") = "7-1-2", "7-1-2\7-1-2.vcxproj", "{3F44FBEC-EC85-4C70-9DD5-CBC8D18DC367}"
EndProject
Project("{8BC9CEB8-8B4A-11D0-8D11-00A0C91BC942}") = "7-3", "7-3\7-3.vcxproj", "{C6B03D02-7BBC-432B-8796-815AED18D1BE}"
EndProject
Project("{8BC9CEB8-8B4A-11D0-8D11-00A0C91BC942}") = "7-5-1", "7-5-1\7-5-1.vcxproj", "{14F20793-05F2-4072-92E3-82E1D1860E76}"
EndProject
Project("{8BC9CEB8-8B4A-11D0-8D11-00A0C91BC942}") = "7-5-2", "7-5-2\7-5-2.vcxproj", "{07F3DFE1-6E74-4356-8C7A-45F04C0BC9D5}"
EndProject
Project("{8BC9CEB8-8B4A-11D0-8D11-00A0C91BC942}") = "7-7-1", "7-7-1\7-7-1.vcxproj", "{C3D42A91-C482-41C2-99C9-9C2E4BEB63D7}"
EndProject
Project("{8BC9CEB8-8B4A-11D0-8D11-00A0C91BC942}") = "7-7-2", "7-7-2\7-7-2.vcxproj", "{88C1A4EF-B9CB-44E6-B4B6-5C556A5AF3AB}"
EndProject
Project("{8BC9CEB8-8B4A-11D0-8D11-00A0C91BC942}") = "7-9", "7-9\7-9.vcxproj", "{C56750E2-7DAA-4E7D-BD49-730E47D9CA6C}"
EndProject
Project("{8BC9CEB8-8B4A-11D0-8D11-00A0C91BC942}") = "7-11", "7-11\7-11.vcxproj", "{ED2C48DA-5B8B-4EF0-9D7C-6899F98F6B9D}"
EndProject
Global
	GlobalSection(SolutionConfigurationPlatforms) = preSolution
		Debug|x64 = Debug|x64
		Debug|x86 = Debug|x86
		Release|x64 = Release|x64
		Release|x86 = Release|x86
	EndGlobalSection
	GlobalSection(ProjectConfigurationPlatforms) = postSolution
		{C429CDBC-FC93-460C-9C04-0BAFB2728246}.Debug|x64.ActiveCfg = Debug|x64
		{C429CDBC-FC93-460C-9C04-0BAFB2728246}.Debug|x64.Build.0 = Debug|x64
		{C429CDBC-FC93-460C-9C04-0BAFB2728246}.Debug|x86.ActiveCfg = Debug|Win32
		{C429CDBC-FC93-460C-9C04-0BAFB2728246}.Debug|x86.Build.0 = Debug|Win32
		{C429CDBC-FC93-460C-9C04-0BAFB2728246}.Release|x64.ActiveCfg = Release|x64
		{C429CDBC-FC93-460C-9C04-0BAFB2728246}.Release|x64.Build.0 = Release|x64
		{C429CDBC-FC93-460C-9C04-0BAFB2728246}.Release|x86.ActiveCfg = Release|Win32
		{C429CDBC-FC93-460C-9C04-0BAFB2728246}.Release|x86.Build.0 = Release|Win32
		{3F44FBEC-EC85-4C70-9DD5-CBC8D18DC367}.Debug|x64.ActiveCfg = Debug|x64
		{3F44FBEC-EC85-4C70-9DD5-CBC8D18DC367}.Debug|x64.Build.0 = Debug|x64
		{3F44FBEC-EC85-4C70-9DD5-CBC8D18DC367}.Debug|x86.ActiveCfg = Debug|Win32
		{3F44FBEC-EC85-4C70-9DD5-CBC8D18DC367}.Debug|x86.Build.0 = Debug|Win32
		{3F44FBEC-EC85-4C70-9DD5-CBC8D18DC367}.Release|x64.ActiveCfg = Release|x64
		{3F44FBEC-EC85-4C70-9DD5-CBC8D18DC367}.Release|x64.Build.0 = Release|x64
		{3F44FBEC-EC85-4C70-9DD5-CBC8D18DC367}.Release|x86.ActiveCfg = Release|Win32
		{3F44FBEC-EC85-4C70-9DD5-CBC8D18DC367}.Release|x86.Build.0 = Release|Win32
		{C6B03D02-7BBC-432B-8796-815AED18D1BE}.Debug|x64.ActiveCfg = Debug|x64
		{C6B03D02-7BBC-432B-8796-815AED18D1BE}.Debug|x64.Build.0 = Debug|x64
		{C6B03D02-7BBC-432B-8796-815AED18D1BE}.Debug|x86.ActiveCfg = Debug|Win32
		{C6B03D02-7BBC-432B-8796-815AED18D1BE}.Debug|x86.Build.0 = Debug|Win32
		{C6B03D02-7BBC-432B-8796-815AED18D1BE}.Release|x64.ActiveCfg = Release|x64
		{C6B03D02-7BBC-432B-8796-815AED18D1BE}.Release|x64.Build.0 = Release|x64
		{C6B03D02-7BBC-432B-8796-815AED18D1BE}.Release|x86.ActiveCfg = Release|Win32
		{C6B03D02-7BBC-432B-8796-815AED18D1BE}.Release|x86.Build.0 = Release|Win32
		{14F20793-05F2-4072-92E3-82E1D1860E76}.Debug|x64.ActiveCfg = Debug|x64
		{14F20793-05F2-4072-92E3-82E1D1860E76}.Debug|x64.Build.0 = Debug|x64
		{14F20793-05F2-4072-92E3-82E1D1860E76}.Debug|x86.ActiveCfg = Debug|Win32
		{14F20793-05F2-4072-92E3-82E1D1860E76}.Debug|x86.Build.0 = Debug|Win32
		{14F20793-05F2-4072-92E3-82E1D1860E76}.Release|x64.ActiveCfg = Release|x64
		{14F20793-05F2-4072-92E3-82E1D1860E76}.Release|x64.Build.0 = Release|x64
		{14F20793-05F2-4072-92E3-82E1D1860E76}.Release|x86.ActiveCfg = Release|Win32
		{14F20793-05F2-4072-92E3-82E1D1860E76}.Release|x86.Build.0 = Release|Win32
		{07F3DFE1-6E74-4356-8C7A-45F04C0BC9D5}.Debug|x64.ActiveCfg = Debug|x64
		{07F3DFE1-6E74-4356-8C7A-45F04C0BC9D5}.Debug|x64.Build.0 = Debug|x64
		{07F3DFE1-6E74-4356-8C7A-45F04C0BC9D5}.Debug|x86.ActiveCfg = Debug|Win32
		{07F3DFE1-6E74-4356-8C7A-45F04C0BC9D5}.Debug|x86.Build.0 = Debug|Win32
		{07F3DFE1-6E74-4356-8C7A-45F04C0BC9D5}.Release|x64.ActiveCfg = Release|x64
		{07F3DFE1-6E74-4356-8C7A-45F04C0BC9D5}.Release|x64.Build.0 = Release|x64
		{07F3DFE1-6E74-4356-8C7A-45F04C0BC9D5}.Release|x86.ActiveCfg = Release|Win32
		{07F3DFE1-6E74-4356-8C7A-45F04C0BC9D5}.Release|x86.Build.0 = Release|Win32
		{C3D42A91-C482-41C2-99C9-9C2E4BEB63D7}.Debug|x64.ActiveCfg = Debug|x64
		{C3D42A91-C482-41C2-99C9-9C2E4BEB63D7}.Debug|x64.Build.0 = Debug|x64
		{C3D42A91-C482-41C2-99C9-9C2E4BEB63D7}.Debug|x86.ActiveCfg = Debug|Win32
		{C3D42A91-C482-41C2-99C9-9C2E4BEB63D7}.Debug|x86.Build.0 = Debug|Win32
		{C3D42A91-C482-41C2-99C9-9C2E4BEB63D7}.Release|x64.ActiveCfg = Release|x64
		{C3D42A91-C482-41C2-99C9-9C2E4BEB63D7}.Release|x64.Build.0 = Release|x64
		{C3D42A91-C482-41C2-99C9-9C2E4BEB63D7}.Release|x86.ActiveCfg = Release|Win32
		{C3D42A91-C482-41C2-99C9-9C2E4BEB63D7}.Release|x86.Build.0 = Release|Win32
		{88C1A4EF-B9CB-44E6-B4B6-5C556A5AF3AB}.Debug|x64.ActiveCfg = Debug|x64
		{88C1A4EF-B9CB-44E6-B4B6-5C556A5AF3AB}.Debug|x64.Build.0 = Debug|x64
		{88C1A4EF-B9CB-44E6-B4B6-5C556A5AF3AB}.Debug|x86.ActiveCfg = Debug|Win32
		{88C1A4EF-B9CB-44E6-B4B6-5C556A5AF3AB}.Debug|x86.Build.0 = Debug|Win32
		{88C1A4EF-B9CB-44E6-B4B6-5C556A5AF3AB}.Release|x64.ActiveCfg = Release|x64
		{88C1A4EF-B9CB-44E6-B4B6-5C556A5AF3AB}.Release|x64.Build.0 = Release|x64
		{88C1A4EF-B9CB-44E6-B4B6-5C556A5AF3AB}.Release|x86.ActiveCfg = Release|Win32
		{88C1A4EF-B9CB-44E6-B4B6-5C556A5AF3AB}.Release|x86.Build.0 = Release|Win32
		{C56750E2-7DAA-4E7D-BD49-730E47D9CA6C}.Debug|x64.ActiveCfg = Debug|x64
		{C56750E2-7DAA-4E7D-BD49-730E47D9CA6C}.Debug|x64.Build.0 = Debug|x64
		{C56750E2-7DAA-4E7D-BD49-730E47D9CA6C}.Debug|x86.ActiveCfg = Debug|Win32
		{C56750E2-7DAA-4E7D-BD49-730E47D9CA6C}.Debug|x86.Build.0 = Debug|Win32
		{C56750E2-7DAA-4E7D-BD49-730E47D9CA6C}.Release|x64.ActiveCfg = Release|x64
		{C56750E2-7DAA-4E7D-BD49-730E47D9CA6C}.Release|x64.Build.0 = Release|x64
		{C56750E2-7DAA-4E7D-BD49-730E47D9CA6C}.Release|x86.ActiveCfg = Release|Win32
		{C56750E2-7DAA-4E7D-BD49-730E47D9CA6C}.Release|x86.Build.0 = Release|Win32
		{ED2C48DA-5B8B-4EF0-9D7C-6899F98F6B9D}.Debug|x64.ActiveCfg = Debug|x64
		{ED2C48DA-5B8B-4EF0-9D7C-6899F98F6B9D}.Debug|x64.Build.0 = Debug|x64
		{ED2C48DA-5B8B-4EF0-9D7C-6899F98F6B9D}.Debug|x86.ActiveCfg = Debug|Win32
		{ED2C48DA-5B8B-4EF0-9D7C-6899F98F6B9D}.Debug|x86.Build.0 = Debug|Win32
		{ED2C48DA-5B8B-4EF0-9D7C-6899F98F6B9D}.Release|x64.ActiveCfg = Release|x64
		{ED2C48DA-5B8B-4EF0-9D7C-6899F98F6B9D}.Release|x64.Build.0 = Release|x64
		{ED2C48DA-5B8B-4EF0-9D7C-6899F98F6B9D}.Release|x86.ActiveCfg = Release|Win32
		{ED2C48DA-5B8B-4EF0-9D7C-6899F98F6B9D}.Release|x86.Build.0 = Release|Win32
	EndGlobalSection
	GlobalSection(SolutionProperties) = preSolution
		HideSolutionNode = FALSE
	EndGlobalSection
	GlobalSection(ExtensibilityGlobals) = postSolution
		SolutionGuid = {13FBD142-A414-4E98-839A-3D3B97967A6B}
	EndGlobalSection
EndGlobal
