
Microsoft Visual Studio Solution File, Format Version 12.00
# Visual Studio Version 17
VisualStudioVersion = 17.13.35919.96
MinimumVisualStudioVersion = 10.0.40219.1
Project("{8BC9CEB8-8B4A-11D0-8D11-00A0C91BC942}") = "4-1", "4-1\4-1.vcxproj", "{6809D8C6-0D60-44A1-928B-F361642A096D}"
EndProject
Project("{8BC9CEB8-8B4A-11D0-8D11-00A0C91BC942}") = "4-2", "4-2\4-2.vcxproj", "{36FDBEBA-C11C-4461-AEE1-A06D402B4A3C}"
EndProject
Project("{8BC9CEB8-8B4A-11D0-8D11-00A0C91BC942}") = "4-3", "4-3\4-3.vcxproj", "{FC95F26F-914F-43E3-841D-8A3BBC8D6419}"
EndProject
Project("{8BC9CEB8-8B4A-11D0-8D11-00A0C91BC942}") = "4-4", "4-4\4-4.vcxproj", "{3AAA0CE0-682C-401E-B496-D9BB690B1FA3}"
EndProject
Project("{8BC9CEB8-8B4A-11D0-8D11-00A0C91BC942}") = "4-5", "4-5\4-5.vcxproj", "{A845989D-C4B8-4CF7-9B41-5C10CA132600}"
EndProject
Project("{8BC9CEB8-8B4A-11D0-8D11-00A0C91BC942}") = "4-6", "4-6\4-6.vcxproj", "{12DD0FD0-1A82-4869-9CF1-E4ADA6455E70}"
EndProject
Project("{8BC9CEB8-8B4A-11D0-8D11-00A0C91BC942}") = "4-7", "4-7\4-7.vcxproj", "{16503A85-4F60-4F2B-9DCD-C4E82B312E63}"
EndProject
Project("{8BC9CEB8-8B4A-11D0-8D11-00A0C91BC942}") = "4-8", "4-8\4-8.vcxproj", "{AACB985A-CAD2-4556-922A-A0EF24996DA6}"
EndProject
Project("{8BC9CEB8-8B4A-11D0-8D11-00A0C91BC942}") = "4-9", "4-9\4-9.vcxproj", "{CE363833-D6BC-4AA4-94E2-7E3E8856111E}"
EndProject
Project("{8BC9CEB8-8B4A-11D0-8D11-00A0C91BC942}") = "4-10", "4-10\4-10.vcxproj", "{AD549669-C6C3-46CC-920E-5684A7E5D45A}"
EndProject
Project("{8BC9CEB8-8B4A-11D0-8D11-00A0C91BC942}") = "4-11", "4-11\4-11.vcxproj", "{B107AADB-60CF-40F0-9A19-5434598A47FE}"
EndProject
Project("{8BC9CEB8-8B4A-11D0-8D11-00A0C91BC942}") = "4-12", "4-12\4-12.vcxproj", "{24B6B8C2-342D-44B7-95CF-9EA1D2D2A477}"
EndProject
Project("{8BC9CEB8-8B4A-11D0-8D11-00A0C91BC942}") = "4-13", "4-13\4-13.vcxproj", "{31F41B25-9989-49C6-AE3D-95889C64E100}"
EndProject
Project("{8BC9CEB8-8B4A-11D0-8D11-00A0C91BC942}") = "4-14", "4-14\4-14.vcxproj", "{0C6AB9B2-F673-48AE-8A73-7E0381377F26}"
EndProject
Global
	GlobalSection(SolutionConfigurationPlatforms) = preSolution
		Debug|x64 = Debug|x64
		Debug|x86 = Debug|x86
		Release|x64 = Release|x64
		Release|x86 = Release|x86
	EndGlobalSection
	GlobalSection(ProjectConfigurationPlatforms) = postSolution
		{6809D8C6-0D60-44A1-928B-F361642A096D}.Debug|x64.ActiveCfg = Debug|x64
		{6809D8C6-0D60-44A1-928B-F361642A096D}.Debug|x64.Build.0 = Debug|x64
		{6809D8C6-0D60-44A1-928B-F361642A096D}.Debug|x86.ActiveCfg = Debug|Win32
		{6809D8C6-0D60-44A1-928B-F361642A096D}.Debug|x86.Build.0 = Debug|Win32
		{6809D8C6-0D60-44A1-928B-F361642A096D}.Release|x64.ActiveCfg = Release|x64
		{6809D8C6-0D60-44A1-928B-F361642A096D}.Release|x64.Build.0 = Release|x64
		{6809D8C6-0D60-44A1-928B-F361642A096D}.Release|x86.ActiveCfg = Release|Win32
		{6809D8C6-0D60-44A1-928B-F361642A096D}.Release|x86.Build.0 = Release|Win32
		{36FDBEBA-C11C-4461-AEE1-A06D402B4A3C}.Debug|x64.ActiveCfg = Debug|x64
		{36FDBEBA-C11C-4461-AEE1-A06D402B4A3C}.Debug|x64.Build.0 = Debug|x64
		{36FDBEBA-C11C-4461-AEE1-A06D402B4A3C}.Debug|x86.ActiveCfg = Debug|Win32
		{36FDBEBA-C11C-4461-AEE1-A06D402B4A3C}.Debug|x86.Build.0 = Debug|Win32
		{36FDBEBA-C11C-4461-AEE1-A06D402B4A3C}.Release|x64.ActiveCfg = Release|x64
		{36FDBEBA-C11C-4461-AEE1-A06D402B4A3C}.Release|x64.Build.0 = Release|x64
		{36FDBEBA-C11C-4461-AEE1-A06D402B4A3C}.Release|x86.ActiveCfg = Release|Win32
		{36FDBEBA-C11C-4461-AEE1-A06D402B4A3C}.Release|x86.Build.0 = Release|Win32
		{FC95F26F-914F-43E3-841D-8A3BBC8D6419}.Debug|x64.ActiveCfg = Debug|x64
		{FC95F26F-914F-43E3-841D-8A3BBC8D6419}.Debug|x64.Build.0 = Debug|x64
		{FC95F26F-914F-43E3-841D-8A3BBC8D6419}.Debug|x86.ActiveCfg = Debug|Win32
		{FC95F26F-914F-43E3-841D-8A3BBC8D6419}.Debug|x86.Build.0 = Debug|Win32
		{FC95F26F-914F-43E3-841D-8A3BBC8D6419}.Release|x64.ActiveCfg = Release|x64
		{FC95F26F-914F-43E3-841D-8A3BBC8D6419}.Release|x64.Build.0 = Release|x64
		{FC95F26F-914F-43E3-841D-8A3BBC8D6419}.Release|x86.ActiveCfg = Release|Win32
		{FC95F26F-914F-43E3-841D-8A3BBC8D6419}.Release|x86.Build.0 = Release|Win32
		{3AAA0CE0-682C-401E-B496-D9BB690B1FA3}.Debug|x64.ActiveCfg = Debug|x64
		{3AAA0CE0-682C-401E-B496-D9BB690B1FA3}.Debug|x64.Build.0 = Debug|x64
		{3AAA0CE0-682C-401E-B496-D9BB690B1FA3}.Debug|x86.ActiveCfg = Debug|Win32
		{3AAA0CE0-682C-401E-B496-D9BB690B1FA3}.Debug|x86.Build.0 = Debug|Win32
		{3AAA0CE0-682C-401E-B496-D9BB690B1FA3}.Release|x64.ActiveCfg = Release|x64
		{3AAA0CE0-682C-401E-B496-D9BB690B1FA3}.Release|x64.Build.0 = Release|x64
		{3AAA0CE0-682C-401E-B496-D9BB690B1FA3}.Release|x86.ActiveCfg = Release|Win32
		{3AAA0CE0-682C-401E-B496-D9BB690B1FA3}.Release|x86.Build.0 = Release|Win32
		{A845989D-C4B8-4CF7-9B41-5C10CA132600}.Debug|x64.ActiveCfg = Debug|x64
		{A845989D-C4B8-4CF7-9B41-5C10CA132600}.Debug|x64.Build.0 = Debug|x64
		{A845989D-C4B8-4CF7-9B41-5C10CA132600}.Debug|x86.ActiveCfg = Debug|Win32
		{A845989D-C4B8-4CF7-9B41-5C10CA132600}.Debug|x86.Build.0 = Debug|Win32
		{A845989D-C4B8-4CF7-9B41-5C10CA132600}.Release|x64.ActiveCfg = Release|x64
		{A845989D-C4B8-4CF7-9B41-5C10CA132600}.Release|x64.Build.0 = Release|x64
		{A845989D-C4B8-4CF7-9B41-5C10CA132600}.Release|x86.ActiveCfg = Release|Win32
		{A845989D-C4B8-4CF7-9B41-5C10CA132600}.Release|x86.Build.0 = Release|Win32
		{12DD0FD0-1A82-4869-9CF1-E4ADA6455E70}.Debug|x64.ActiveCfg = Debug|x64
		{12DD0FD0-1A82-4869-9CF1-E4ADA6455E70}.Debug|x64.Build.0 = Debug|x64
		{12DD0FD0-1A82-4869-9CF1-E4ADA6455E70}.Debug|x86.ActiveCfg = Debug|Win32
		{12DD0FD0-1A82-4869-9CF1-E4ADA6455E70}.Debug|x86.Build.0 = Debug|Win32
		{12DD0FD0-1A82-4869-9CF1-E4ADA6455E70}.Release|x64.ActiveCfg = Release|x64
		{12DD0FD0-1A82-4869-9CF1-E4ADA6455E70}.Release|x64.Build.0 = Release|x64
		{12DD0FD0-1A82-4869-9CF1-E4ADA6455E70}.Release|x86.ActiveCfg = Release|Win32
		{12DD0FD0-1A82-4869-9CF1-E4ADA6455E70}.Release|x86.Build.0 = Release|Win32
		{16503A85-4F60-4F2B-9DCD-C4E82B312E63}.Debug|x64.ActiveCfg = Debug|x64
		{16503A85-4F60-4F2B-9DCD-C4E82B312E63}.Debug|x64.Build.0 = Debug|x64
		{16503A85-4F60-4F2B-9DCD-C4E82B312E63}.Debug|x86.ActiveCfg = Debug|Win32
		{16503A85-4F60-4F2B-9DCD-C4E82B312E63}.Debug|x86.Build.0 = Debug|Win32
		{16503A85-4F60-4F2B-9DCD-C4E82B312E63}.Release|x64.ActiveCfg = Release|x64
		{16503A85-4F60-4F2B-9DCD-C4E82B312E63}.Release|x64.Build.0 = Release|x64
		{16503A85-4F60-4F2B-9DCD-C4E82B312E63}.Release|x86.ActiveCfg = Release|Win32
		{16503A85-4F60-4F2B-9DCD-C4E82B312E63}.Release|x86.Build.0 = Release|Win32
		{AACB985A-CAD2-4556-922A-A0EF24996DA6}.Debug|x64.ActiveCfg = Debug|x64
		{AACB985A-CAD2-4556-922A-A0EF24996DA6}.Debug|x64.Build.0 = Debug|x64
		{AACB985A-CAD2-4556-922A-A0EF24996DA6}.Debug|x86.ActiveCfg = Debug|Win32
		{AACB985A-CAD2-4556-922A-A0EF24996DA6}.Debug|x86.Build.0 = Debug|Win32
		{AACB985A-CAD2-4556-922A-A0EF24996DA6}.Release|x64.ActiveCfg = Release|x64
		{AACB985A-CAD2-4556-922A-A0EF24996DA6}.Release|x64.Build.0 = Release|x64
		{AACB985A-CAD2-4556-922A-A0EF24996DA6}.Release|x86.ActiveCfg = Release|Win32
		{AACB985A-CAD2-4556-922A-A0EF24996DA6}.Release|x86.Build.0 = Release|Win32
		{CE363833-D6BC-4AA4-94E2-7E3E8856111E}.Debug|x64.ActiveCfg = Debug|x64
		{CE363833-D6BC-4AA4-94E2-7E3E8856111E}.Debug|x64.Build.0 = Debug|x64
		{CE363833-D6BC-4AA4-94E2-7E3E8856111E}.Debug|x86.ActiveCfg = Debug|Win32
		{CE363833-D6BC-4AA4-94E2-7E3E8856111E}.Debug|x86.Build.0 = Debug|Win32
		{CE363833-D6BC-4AA4-94E2-7E3E8856111E}.Release|x64.ActiveCfg = Release|x64
		{CE363833-D6BC-4AA4-94E2-7E3E8856111E}.Release|x64.Build.0 = Release|x64
		{CE363833-D6BC-4AA4-94E2-7E3E8856111E}.Release|x86.ActiveCfg = Release|Win32
		{CE363833-D6BC-4AA4-94E2-7E3E8856111E}.Release|x86.Build.0 = Release|Win32
		{AD549669-C6C3-46CC-920E-5684A7E5D45A}.Debug|x64.ActiveCfg = Debug|x64
		{AD549669-C6C3-46CC-920E-5684A7E5D45A}.Debug|x64.Build.0 = Debug|x64
		{AD549669-C6C3-46CC-920E-5684A7E5D45A}.Debug|x86.ActiveCfg = Debug|Win32
		{AD549669-C6C3-46CC-920E-5684A7E5D45A}.Debug|x86.Build.0 = Debug|Win32
		{AD549669-C6C3-46CC-920E-5684A7E5D45A}.Release|x64.ActiveCfg = Release|x64
		{AD549669-C6C3-46CC-920E-5684A7E5D45A}.Release|x64.Build.0 = Release|x64
		{AD549669-C6C3-46CC-920E-5684A7E5D45A}.Release|x86.ActiveCfg = Release|Win32
		{AD549669-C6C3-46CC-920E-5684A7E5D45A}.Release|x86.Build.0 = Release|Win32
		{B107AADB-60CF-40F0-9A19-5434598A47FE}.Debug|x64.ActiveCfg = Debug|x64
		{B107AADB-60CF-40F0-9A19-5434598A47FE}.Debug|x64.Build.0 = Debug|x64
		{B107AADB-60CF-40F0-9A19-5434598A47FE}.Debug|x86.ActiveCfg = Debug|Win32
		{B107AADB-60CF-40F0-9A19-5434598A47FE}.Debug|x86.Build.0 = Debug|Win32
		{B107AADB-60CF-40F0-9A19-5434598A47FE}.Release|x64.ActiveCfg = Release|x64
		{B107AADB-60CF-40F0-9A19-5434598A47FE}.Release|x64.Build.0 = Release|x64
		{B107AADB-60CF-40F0-9A19-5434598A47FE}.Release|x86.ActiveCfg = Release|Win32
		{B107AADB-60CF-40F0-9A19-5434598A47FE}.Release|x86.Build.0 = Release|Win32
		{24B6B8C2-342D-44B7-95CF-9EA1D2D2A477}.Debug|x64.ActiveCfg = Debug|x64
		{24B6B8C2-342D-44B7-95CF-9EA1D2D2A477}.Debug|x64.Build.0 = Debug|x64
		{24B6B8C2-342D-44B7-95CF-9EA1D2D2A477}.Debug|x86.ActiveCfg = Debug|Win32
		{24B6B8C2-342D-44B7-95CF-9EA1D2D2A477}.Debug|x86.Build.0 = Debug|Win32
		{24B6B8C2-342D-44B7-95CF-9EA1D2D2A477}.Release|x64.ActiveCfg = Release|x64
		{24B6B8C2-342D-44B7-95CF-9EA1D2D2A477}.Release|x64.Build.0 = Release|x64
		{24B6B8C2-342D-44B7-95CF-9EA1D2D2A477}.Release|x86.ActiveCfg = Release|Win32
		{24B6B8C2-342D-44B7-95CF-9EA1D2D2A477}.Release|x86.Build.0 = Release|Win32
		{31F41B25-9989-49C6-AE3D-95889C64E100}.Debug|x64.ActiveCfg = Debug|x64
		{31F41B25-9989-49C6-AE3D-95889C64E100}.Debug|x64.Build.0 = Debug|x64
		{31F41B25-9989-49C6-AE3D-95889C64E100}.Debug|x86.ActiveCfg = Debug|Win32
		{31F41B25-9989-49C6-AE3D-95889C64E100}.Debug|x86.Build.0 = Debug|Win32
		{31F41B25-9989-49C6-AE3D-95889C64E100}.Release|x64.ActiveCfg = Release|x64
		{31F41B25-9989-49C6-AE3D-95889C64E100}.Release|x64.Build.0 = Release|x64
		{31F41B25-9989-49C6-AE3D-95889C64E100}.Release|x86.ActiveCfg = Release|Win32
		{31F41B25-9989-49C6-AE3D-95889C64E100}.Release|x86.Build.0 = Release|Win32
		{0C6AB9B2-F673-48AE-8A73-7E0381377F26}.Debug|x64.ActiveCfg = Debug|x64
		{0C6AB9B2-F673-48AE-8A73-7E0381377F26}.Debug|x64.Build.0 = Debug|x64
		{0C6AB9B2-F673-48AE-8A73-7E0381377F26}.Debug|x86.ActiveCfg = Debug|Win32
		{0C6AB9B2-F673-48AE-8A73-7E0381377F26}.Debug|x86.Build.0 = Debug|Win32
		{0C6AB9B2-F673-48AE-8A73-7E0381377F26}.Release|x64.ActiveCfg = Release|x64
		{0C6AB9B2-F673-48AE-8A73-7E0381377F26}.Release|x64.Build.0 = Release|x64
		{0C6AB9B2-F673-48AE-8A73-7E0381377F26}.Release|x86.ActiveCfg = Release|Win32
		{0C6AB9B2-F673-48AE-8A73-7E0381377F26}.Release|x86.Build.0 = Release|Win32
	EndGlobalSection
	GlobalSection(SolutionProperties) = preSolution
		HideSolutionNode = FALSE
	EndGlobalSection
	GlobalSection(ExtensibilityGlobals) = postSolution
		SolutionGuid = {AB0B0494-713E-4C5C-9D01-B1C7F56CBE9B}
	EndGlobalSection
EndGlobal
